
Microsoft Visual Studio Solution File, Format Version 12.00
# Visual Studio Version 16
VisualStudioVersion = 16.0.32428.217
MinimumVisualStudioVersion = 10.0.40219.1
Project("{FAE04EC0-301F-11D3-BF4B-00C04F79EFBC}") = "BuilderPatterns", "BuilderPatterns.csproj", "{EC7D4BBC-3483-43E8-8B5B-332C4C9E804F}"
EndProject
Global
	GlobalSection(SolutionConfigurationPlatforms) = preSolution
		Debug|Any CPU = Debug|Any CPU
		Release|Any CPU = Release|Any CPU
	EndGlobalSection
	GlobalSection(ProjectConfigurationPlatforms) = postSolution
		{EC7D4BBC-3483-43E8-8B5B-332C4C9E804F}.Debug|Any CPU.ActiveCfg = Debug|Any CPU
		{EC7D4BBC-3483-43E8-8B5B-332C4C9E804F}.Debug|Any CPU.Build.0 = Debug|Any CPU
		{EC7D4BBC-3483-43E8-8B5B-332C4C9E804F}.Release|Any CPU.ActiveCfg = Release|Any CPU
		{EC7D4BBC-3483-43E8-8B5B-332C4C9E804F}.Release|Any CPU.Build.0 = Release|Any CPU
	EndGlobalSection
	GlobalSection(SolutionProperties) = preSolution
		HideSolutionNode = FALSE
	EndGlobalSection
	GlobalSection(ExtensibilityGlobals) = postSolution
		SolutionGuid = {72D3EE00-947F-4A50-A322-13967E1EBA71}
	EndGlobalSection
EndGlobal
